
Microsoft Visual Studio Solution File, Format Version 12.00
# Visual Studio Version 17
VisualStudioVersion = 17.0.31903.59
MinimumVisualStudioVersion = 10.0.40219.1
Project("{2150E333-8FDC-42A3-9474-1A3956D46DE8}") = "src", "src", "{827E0CD3-B72D-47B6-A68D-7590B98EB39B}"
EndProject
Project("{FAE04EC0-301F-11D3-BF4B-00C04F79EFBC}") = "Nps.Application", "src\Nps.Application\Nps.Application.csproj", "{6F6D7768-599D-4E9A-AEFD-CAC03F3FC2EB}"
EndProject
Project("{FAE04EC0-301F-11D3-BF4B-00C04F79EFBC}") = "Nps.Domain", "src\Nps.Domain\Nps.Domain.csproj", "{4D4F4ABE-A1E5-4ECE-9E79-B59389429501}"
EndProject
Project("{FAE04EC0-301F-11D3-BF4B-00C04F79EFBC}") = "Nps.Infrastructure", "src\Nps.Infrastructure\Nps.Infrastructure.csproj", "{6A1F7473-98FB-422B-B060-B9C9DAE142CD}"
EndProject
Global
	GlobalSection(SolutionConfigurationPlatforms) = preSolution
		Debug|Any CPU = Debug|Any CPU
		Debug|x64 = Debug|x64
		Debug|x86 = Debug|x86
		Release|Any CPU = Release|Any CPU
		Release|x64 = Release|x64
		Release|x86 = Release|x86
	EndGlobalSection
	GlobalSection(ProjectConfigurationPlatforms) = postSolution
		{6F6D7768-599D-4E9A-AEFD-CAC03F3FC2EB}.Debug|Any CPU.ActiveCfg = Debug|Any CPU
		{6F6D7768-599D-4E9A-AEFD-CAC03F3FC2EB}.Debug|Any CPU.Build.0 = Debug|Any CPU
		{6F6D7768-599D-4E9A-AEFD-CAC03F3FC2EB}.Debug|x64.ActiveCfg = Debug|Any CPU
		{6F6D7768-599D-4E9A-AEFD-CAC03F3FC2EB}.Debug|x64.Build.0 = Debug|Any CPU
		{6F6D7768-599D-4E9A-AEFD-CAC03F3FC2EB}.Debug|x86.ActiveCfg = Debug|Any CPU
		{6F6D7768-599D-4E9A-AEFD-CAC03F3FC2EB}.Debug|x86.Build.0 = Debug|Any CPU
		{6F6D7768-599D-4E9A-AEFD-CAC03F3FC2EB}.Release|Any CPU.ActiveCfg = Release|Any CPU
		{6F6D7768-599D-4E9A-AEFD-CAC03F3FC2EB}.Release|Any CPU.Build.0 = Release|Any CPU
		{6F6D7768-599D-4E9A-AEFD-CAC03F3FC2EB}.Release|x64.ActiveCfg = Release|Any CPU
		{6F6D7768-599D-4E9A-AEFD-CAC03F3FC2EB}.Release|x64.Build.0 = Release|Any CPU
		{6F6D7768-599D-4E9A-AEFD-CAC03F3FC2EB}.Release|x86.ActiveCfg = Release|Any CPU
		{6F6D7768-599D-4E9A-AEFD-CAC03F3FC2EB}.Release|x86.Build.0 = Release|Any CPU
		{4D4F4ABE-A1E5-4ECE-9E79-B59389429501}.Debug|Any CPU.ActiveCfg = Debug|Any CPU
		{4D4F4ABE-A1E5-4ECE-9E79-B59389429501}.Debug|Any CPU.Build.0 = Debug|Any CPU
		{4D4F4ABE-A1E5-4ECE-9E79-B59389429501}.Debug|x64.ActiveCfg = Debug|Any CPU
		{4D4F4ABE-A1E5-4ECE-9E79-B59389429501}.Debug|x64.Build.0 = Debug|Any CPU
		{4D4F4ABE-A1E5-4ECE-9E79-B59389429501}.Debug|x86.ActiveCfg = Debug|Any CPU
		{4D4F4ABE-A1E5-4ECE-9E79-B59389429501}.Debug|x86.Build.0 = Debug|Any CPU
		{4D4F4ABE-A1E5-4ECE-9E79-B59389429501}.Release|Any CPU.ActiveCfg = Release|Any CPU
		{4D4F4ABE-A1E5-4ECE-9E79-B59389429501}.Release|Any CPU.Build.0 = Release|Any CPU
		{4D4F4ABE-A1E5-4ECE-9E79-B59389429501}.Release|x64.ActiveCfg = Release|Any CPU
		{4D4F4ABE-A1E5-4ECE-9E79-B59389429501}.Release|x64.Build.0 = Release|Any CPU
		{4D4F4ABE-A1E5-4ECE-9E79-B59389429501}.Release|x86.ActiveCfg = Release|Any CPU
		{4D4F4ABE-A1E5-4ECE-9E79-B59389429501}.Release|x86.Build.0 = Release|Any CPU
		{6A1F7473-98FB-422B-B060-B9C9DAE142CD}.Debug|Any CPU.ActiveCfg = Debug|Any CPU
		{6A1F7473-98FB-422B-B060-B9C9DAE142CD}.Debug|Any CPU.Build.0 = Debug|Any CPU
		{6A1F7473-98FB-422B-B060-B9C9DAE142CD}.Debug|x64.ActiveCfg = Debug|Any CPU
		{6A1F7473-98FB-422B-B060-B9C9DAE142CD}.Debug|x64.Build.0 = Debug|Any CPU
		{6A1F7473-98FB-422B-B060-B9C9DAE142CD}.Debug|x86.ActiveCfg = Debug|Any CPU
		{6A1F7473-98FB-422B-B060-B9C9DAE142CD}.Debug|x86.Build.0 = Debug|Any CPU
		{6A1F7473-98FB-422B-B060-B9C9DAE142CD}.Release|Any CPU.ActiveCfg = Release|Any CPU
		{6A1F7473-98FB-422B-B060-B9C9DAE142CD}.Release|Any CPU.Build.0 = Release|Any CPU
		{6A1F7473-98FB-422B-B060-B9C9DAE142CD}.Release|x64.ActiveCfg = Release|Any CPU
		{6A1F7473-98FB-422B-B060-B9C9DAE142CD}.Release|x64.Build.0 = Release|Any CPU
		{6A1F7473-98FB-422B-B060-B9C9DAE142CD}.Release|x86.ActiveCfg = Release|Any CPU
		{6A1F7473-98FB-422B-B060-B9C9DAE142CD}.Release|x86.Build.0 = Release|Any CPU
	EndGlobalSection
	GlobalSection(SolutionProperties) = preSolution
		HideSolutionNode = FALSE
	EndGlobalSection
	GlobalSection(NestedProjects) = preSolution
		{6F6D7768-599D-4E9A-AEFD-CAC03F3FC2EB} = {827E0CD3-B72D-47B6-A68D-7590B98EB39B}
		{4D4F4ABE-A1E5-4ECE-9E79-B59389429501} = {827E0CD3-B72D-47B6-A68D-7590B98EB39B}
		{6A1F7473-98FB-422B-B060-B9C9DAE142CD} = {827E0CD3-B72D-47B6-A68D-7590B98EB39B}
	EndGlobalSection
EndGlobal
